
Microsoft Visual Studio Solution File, Format Version 12.00
# Visual Studio Version 16
VisualStudioVersion = 16.0.31205.134
MinimumVisualStudioVersion = 10.0.40219.1
Project("{FAE04EC0-301F-11D3-BF4B-00C04F79EFBC}") = "RPCrud", "RPCrud.csproj", "{04D4A233-E2DE-4CDC-9658-DE5815C81306}"
EndProject
Global
	GlobalSection(SolutionConfigurationPlatforms) = preSolution
		Debug|Any CPU = Debug|Any CPU
		Release|Any CPU = Release|Any CPU
	EndGlobalSection
	GlobalSection(ProjectConfigurationPlatforms) = postSolution
		{04D4A233-E2DE-4CDC-9658-DE5815C81306}.Debug|Any CPU.ActiveCfg = Debug|Any CPU
		{04D4A233-E2DE-4CDC-9658-DE5815C81306}.Debug|Any CPU.Build.0 = Debug|Any CPU
		{04D4A233-E2DE-4CDC-9658-DE5815C81306}.Release|Any CPU.ActiveCfg = Release|Any CPU
		{04D4A233-E2DE-4CDC-9658-DE5815C81306}.Release|Any CPU.Build.0 = Release|Any CPU
	EndGlobalSection
	GlobalSection(SolutionProperties) = preSolution
		HideSolutionNode = FALSE
	EndGlobalSection
	GlobalSection(ExtensibilityGlobals) = postSolution
		SolutionGuid = {84DBE521-7422-4482-A0A3-158E3A157732}
	EndGlobalSection
EndGlobal
